
Microsoft Visual Studio Solution File, Format Version 12.00
# Visual Studio Version 17
VisualStudioVersion = 17.10.35004.147
MinimumVisualStudioVersion = 10.0.40219.1
Project("{FAE04EC0-301F-11D3-BF4B-00C04F79EFBC}") = "etteremrendelesOOP", "etteremrendelesOOP.csproj", "{1563F307-A508-4667-B5C9-A1062ED86670}"
EndProject
Global
	GlobalSection(SolutionConfigurationPlatforms) = preSolution
		Debug|Any CPU = Debug|Any CPU
		Release|Any CPU = Release|Any CPU
	EndGlobalSection
	GlobalSection(ProjectConfigurationPlatforms) = postSolution
		{1563F307-A508-4667-B5C9-A1062ED86670}.Debug|Any CPU.ActiveCfg = Debug|Any CPU
		{1563F307-A508-4667-B5C9-A1062ED86670}.Debug|Any CPU.Build.0 = Debug|Any CPU
		{1563F307-A508-4667-B5C9-A1062ED86670}.Release|Any CPU.ActiveCfg = Release|Any CPU
		{1563F307-A508-4667-B5C9-A1062ED86670}.Release|Any CPU.Build.0 = Release|Any CPU
	EndGlobalSection
	GlobalSection(SolutionProperties) = preSolution
		HideSolutionNode = FALSE
	EndGlobalSection
	GlobalSection(ExtensibilityGlobals) = postSolution
		SolutionGuid = {336721F6-106D-45AF-8491-53E92ECB43FC}
	EndGlobalSection
EndGlobal
